
Microsoft Visual Studio Solution File, Format Version 12.00
# Visual Studio 15
VisualStudioVersion = 15.0.27130.2003
MinimumVisualStudioVersion = 10.0.40219.1
Project("{FAE04EC0-301F-11D3-BF4B-00C04F79EFBC}") = "NACconsole", "NACconsole\NACconsole.csproj", "{CF6F0F01-AB04-4E96-9D15-8D6E0D1AEF1C}"
EndProject
Global
	GlobalSection(SolutionConfigurationPlatforms) = preSolution
		Debug|Any CPU = Debug|Any CPU
		Release|Any CPU = Release|Any CPU
	EndGlobalSection
	GlobalSection(ProjectConfigurationPlatforms) = postSolution
		{CF6F0F01-AB04-4E96-9D15-8D6E0D1AEF1C}.Debug|Any CPU.ActiveCfg = Debug|Any CPU
		{CF6F0F01-AB04-4E96-9D15-8D6E0D1AEF1C}.Debug|Any CPU.Build.0 = Debug|Any CPU
		{CF6F0F01-AB04-4E96-9D15-8D6E0D1AEF1C}.Release|Any CPU.ActiveCfg = Release|Any CPU
		{CF6F0F01-AB04-4E96-9D15-8D6E0D1AEF1C}.Release|Any CPU.Build.0 = Release|Any CPU
	EndGlobalSection
	GlobalSection(SolutionProperties) = preSolution
		HideSolutionNode = FALSE
	EndGlobalSection
	GlobalSection(ExtensibilityGlobals) = postSolution
		SolutionGuid = {A6C79CA7-D644-46A9-925F-BE78B4D837DA}
	EndGlobalSection
EndGlobal
